
Microsoft Visual Studio Solution File, Format Version 12.00
# Visual Studio Version 17
VisualStudioVersion = 17.11.35327.3
MinimumVisualStudioVersion = 10.0.40219.1
Project("{9A19103F-16F7-4668-BE54-9A1E7A4F7556}") = "myaz-aci-workshop", "myaz-aci-workshop\myaz-aci-workshop.csproj", "{5464BB64-3C46-4CC3-B398-A65678004301}"
EndProject
Global
	GlobalSection(SolutionConfigurationPlatforms) = preSolution
		Debug|Any CPU = Debug|Any CPU
		Release|Any CPU = Release|Any CPU
	EndGlobalSection
	GlobalSection(ProjectConfigurationPlatforms) = postSolution
		{5464BB64-3C46-4CC3-B398-A65678004301}.Debug|Any CPU.ActiveCfg = Debug|Any CPU
		{5464BB64-3C46-4CC3-B398-A65678004301}.Debug|Any CPU.Build.0 = Debug|Any CPU
		{5464BB64-3C46-4CC3-B398-A65678004301}.Release|Any CPU.ActiveCfg = Release|Any CPU
		{5464BB64-3C46-4CC3-B398-A65678004301}.Release|Any CPU.Build.0 = Release|Any CPU
	EndGlobalSection
	GlobalSection(SolutionProperties) = preSolution
		HideSolutionNode = FALSE
	EndGlobalSection
	GlobalSection(ExtensibilityGlobals) = postSolution
		SolutionGuid = {1ECBA0EB-0AA7-4547-992E-A478446339D8}
	EndGlobalSection
EndGlobal
